
Microsoft Visual Studio Solution File, Format Version 12.00
# Visual Studio Version 16
VisualStudioVersion = 16.0.29728.190
MinimumVisualStudioVersion = 10.0.40219.1
Project("{FAE04EC0-301F-11D3-BF4B-00C04F79EFBC}") = "MathForGames", "MathForGames\MathForGames.csproj", "{E34BD12F-67C4-4710-80AC-E8342CDC530D}"
EndProject
Global
	GlobalSection(SolutionConfigurationPlatforms) = preSolution
		Debug|Any CPU = Debug|Any CPU
		Release|Any CPU = Release|Any CPU
	EndGlobalSection
	GlobalSection(ProjectConfigurationPlatforms) = postSolution
		{E34BD12F-67C4-4710-80AC-E8342CDC530D}.Debug|Any CPU.ActiveCfg = Debug|Any CPU
		{E34BD12F-67C4-4710-80AC-E8342CDC530D}.Debug|Any CPU.Build.0 = Debug|Any CPU
		{E34BD12F-67C4-4710-80AC-E8342CDC530D}.Release|Any CPU.ActiveCfg = Release|Any CPU
		{E34BD12F-67C4-4710-80AC-E8342CDC530D}.Release|Any CPU.Build.0 = Release|Any CPU
	EndGlobalSection
	GlobalSection(SolutionProperties) = preSolution
		HideSolutionNode = FALSE
	EndGlobalSection
	GlobalSection(ExtensibilityGlobals) = postSolution
		SolutionGuid = {671540B4-0ACD-4BDD-8EBD-8206C22C767E}
	EndGlobalSection
EndGlobal
